# THIS IS AN AUTOGENERATED FILE. DO NOT EDIT THIS FILE DIRECTLY.
# yarn lockfile v1


"@types/node@^20.12.7":
  version "20.12.7"
  resolved "https://registry.yarnpkg.com/@types/node/-/node-20.12.7.tgz#04080362fa3dd6c5822061aa3124f5c152cff384"
  integrity sha512-wq0cICSkRLVaf3UGLMGItu/PtdY7oaXaI/RVU+xliKVOtRna3PRY57ZDfztpDL0n11vfymMUnXv8QwYCO7L1wg==
  dependencies:
    undici-types "~5.26.4"

backtracker@^4.0.0:
  version "4.0.0"
  resolved "https://registry.yarnpkg.com/backtracker/-/backtracker-4.0.0.tgz#5b01f61055c85498c9909b4e646f03a7fb1d6ce9"
  integrity sha512-XG2ldN+WDRq9niJMnoZDjLLUnhDOQGhFZc6qZQotN59xj8oOa4KXSCu6YyZQawPqi6gG3HilGFt91zT6Hbdh1w==

cloudstorm@^0.10.8:
  version "0.10.8"
  resolved "https://registry.yarnpkg.com/cloudstorm/-/cloudstorm-0.10.8.tgz#e156dd6af321596274b62500fa55aed47ea15574"
  integrity sha512-ZVy4HbEiNRyRO0p0d0DtIMoVCg8rxoRpA07hflq2MQpPpmFpostkF7nd+zOsQ+piAfhUdvPsgtQLHdGFmTZVPQ==
  dependencies:
    discord-api-types "^0.37.70"
    snowtransfer "^0.10.5"

discord-api-types@^0.37.70:
  version "0.37.77"
  resolved "https://registry.yarnpkg.com/discord-api-types/-/discord-api-types-0.37.77.tgz#1d8b984e941fd1e6d3409d0cc4616cecac84f3a3"
  integrity sha512-AkEn9nZA5w/XJ8wzKzlpx3X+MToQCowKahftF1+KYnMWnuglCrVRojy1XlIWX8Frgp1v8INceGKpvDkbvMLJ4g==

heatsync@^2.5.2:
  version "2.5.2"
  resolved "https://registry.yarnpkg.com/heatsync/-/heatsync-2.5.2.tgz#e77995486cee33f91a5377b2e6e125f7b97346a4"
  integrity sha512-Zy7hCS01cze2fardcioOvRdXDqNmKNsIyCmtRvJeHciS5W6p2BFSNVGrA58y80LaE+/tuxtxwQwctkgEbGTeMQ==
  dependencies:
    backtracker "^4.0.0"

snowtransfer@^0.10.5:
  version "0.10.5"
  resolved "https://registry.yarnpkg.com/snowtransfer/-/snowtransfer-0.10.5.tgz#253d20f1c617b7901bb3c412223f09d603d11655"
  integrity sha512-8enl43t7Ca1KYvipWIXaOjnNJBY2FFZfoKKs+b7tlb64mlEZgb5DbV0owc/X96hFzgVPj7akpcQKp7LNTlQJGA==
  dependencies:
    discord-api-types "^0.37.70"
    undici "^6.6.2"

undici-types@~5.26.4:
  version "5.26.5"
  resolved "https://registry.yarnpkg.com/undici-types/-/undici-types-5.26.5.tgz#bcd539893d00b56e964fd2657a4866b221a65617"
  integrity sha512-JlCMO+ehdEIKqlFxk6IfVoAUVmgz7cU7zD/h9XZ0qzeosSHmUJVOzSQvvYSYWXkFXC+IfLKSIffhv0sVZup6pA==

undici@^6.6.2:
  version "6.10.2"
  resolved "https://registry.yarnpkg.com/undici/-/undici-6.10.2.tgz#13fe0c099d0055ea16417bd3fef6ccd661210743"
  integrity sha512-HcVuBy7ACaDejIMdwCzAvO22OsiE6ir6ziTIr9kAE0vB+PheVe29ZvRN8p7FXCO2uZHTjEoUs5bPiFpuc/hwwQ==
